
Microsoft Visual Studio Solution File, Format Version 12.00
# Visual Studio Version 17
VisualStudioVersion = 17.0.32014.148
MinimumVisualStudioVersion = 10.0.40219.1
Project("{9A19103F-16F7-4668-BE54-9A1E7A4F7556}") = "DemoBridge", "DemoRouter\DemoBridge.csproj", "{2957AED2-F5DA-4611-964B-D90E2653ECF3}"
EndProject
Project("{9A19103F-16F7-4668-BE54-9A1E7A4F7556}") = "MsmqSales", "MsmqSales\MsmqSales.csproj", "{340D8ABA-F9A0-4B32-A709-2407D201736C}"
EndProject
Project("{9A19103F-16F7-4668-BE54-9A1E7A4F7556}") = "Contracts", "Contracts\Contracts.csproj", "{7B79CDBE-481C-425A-9220-21308E810C71}"
EndProject
Project("{9A19103F-16F7-4668-BE54-9A1E7A4F7556}") = "LearningShipping", "LearningShipping\LearningShipping.csproj", "{E95CCE5F-2490-4878-A55F-339F2935E132}"
EndProject
Project("{9A19103F-16F7-4668-BE54-9A1E7A4F7556}") = "AcceptanceTests", "AcceptanceTests\AcceptanceTests.csproj", "{C27BC21F-5283-483C-BE77-E86543B26E9E}"
EndProject
Project("{9A19103F-16F7-4668-BE54-9A1E7A4F7556}") = "SqlBilling", "SqlBilling\SqlBilling.csproj", "{4048BBB7-ABE6-4004-AFE2-548F1434F997}"
EndProject
Project("{2150E333-8FDC-42A3-9474-1A3956D46DE8}") = "Demo", "Demo", "{15620AAE-73A9-489D-99A5-895DB0E5A1BF}"
EndProject
Project("{9A19103F-16F7-4668-BE54-9A1E7A4F7556}") = "NServiceBus.Transport.Bridge", "NServiceBus.Transport.Bridge\NServiceBus.Transport.Bridge.csproj", "{64580C11-646C-414C-B86E-456E6ABFC31E}"
EndProject
Project("{9A19103F-16F7-4668-BE54-9A1E7A4F7556}") = "AcceptanceTesting", "AcceptanceTesting\AcceptanceTesting.csproj", "{005F90DA-F476-4A08-BA67-D0464FD872B1}"
EndProject
Project("{2150E333-8FDC-42A3-9474-1A3956D46DE8}") = "Tests", "Tests", "{BD366FEE-B2FC-4827-8D73-BCD5943AD659}"
EndProject
Project("{9A19103F-16F7-4668-BE54-9A1E7A4F7556}") = "AcceptanceTests.Msmq", "AcceptanceTests.Msmq\AcceptanceTests.Msmq.csproj", "{995068A9-F998-4315-8FCB-76875C512BF3}"
EndProject
Project("{9A19103F-16F7-4668-BE54-9A1E7A4F7556}") = "AcceptanceTests.Learning", "AcceptanceTests.Learning\AcceptanceTests.Learning.csproj", "{F7C30E15-51FD-4265-840A-BEE8167B58F7}"
EndProject
Project("{9A19103F-16F7-4668-BE54-9A1E7A4F7556}") = "AcceptanceTests.SqlServer", "AcceptanceTests.SqlServer\AcceptanceTests.SqlServer.csproj", "{89B29A1A-D92E-4099-97D3-48CCA08D0025}"
EndProject
Project("{9A19103F-16F7-4668-BE54-9A1E7A4F7556}") = "AcceptanceTests.RabbitMQ", "AcceptanceTests.RabbitMQ\AcceptanceTests.RabbitMQ.csproj", "{DBC0573A-4B20-4176-98A2-9B05F924D4B4}"
EndProject
Project("{9A19103F-16F7-4668-BE54-9A1E7A4F7556}") = "UnitTests", "UnitTests\UnitTests.csproj", "{F2DDEC46-20A1-4D33-BF7F-270EB1263511}"
EndProject
Project("{9A19103F-16F7-4668-BE54-9A1E7A4F7556}") = "AcceptanceTests.ASB", "AcceptanceTests.ASB\AcceptanceTests.ASB.csproj", "{121DAD2E-C872-4921-BA6F-9F5772784829}"
EndProject
Project("{9A19103F-16F7-4668-BE54-9A1E7A4F7556}") = "AcceptanceTests.SQS", "AcceptanceTests.SQS\AcceptanceTests.SQS.csproj", "{AD10AF05-2BFF-4C4C-9C42-F9A862F159FE}"
EndProject
Project("{2150E333-8FDC-42A3-9474-1A3956D46DE8}") = "Solution Items", "Solution Items", "{7C9AAE78-1698-46A0-89C8-DE78587C1B29}"
	ProjectSection(SolutionItems) = preProject
		Custom.Build.props = Custom.Build.props
		Directory.Build.props = Directory.Build.props
	EndProjectSection
EndProject
Global
	GlobalSection(SolutionConfigurationPlatforms) = preSolution
		Debug|Any CPU = Debug|Any CPU
		Release|Any CPU = Release|Any CPU
	EndGlobalSection
	GlobalSection(ProjectConfigurationPlatforms) = postSolution
		{2957AED2-F5DA-4611-964B-D90E2653ECF3}.Debug|Any CPU.ActiveCfg = Debug|Any CPU
		{2957AED2-F5DA-4611-964B-D90E2653ECF3}.Debug|Any CPU.Build.0 = Debug|Any CPU
		{2957AED2-F5DA-4611-964B-D90E2653ECF3}.Release|Any CPU.ActiveCfg = Release|Any CPU
		{2957AED2-F5DA-4611-964B-D90E2653ECF3}.Release|Any CPU.Build.0 = Release|Any CPU
		{340D8ABA-F9A0-4B32-A709-2407D201736C}.Debug|Any CPU.ActiveCfg = Debug|Any CPU
		{340D8ABA-F9A0-4B32-A709-2407D201736C}.Debug|Any CPU.Build.0 = Debug|Any CPU
		{340D8ABA-F9A0-4B32-A709-2407D201736C}.Release|Any CPU.ActiveCfg = Release|Any CPU
		{340D8ABA-F9A0-4B32-A709-2407D201736C}.Release|Any CPU.Build.0 = Release|Any CPU
		{7B79CDBE-481C-425A-9220-21308E810C71}.Debug|Any CPU.ActiveCfg = Debug|Any CPU
		{7B79CDBE-481C-425A-9220-21308E810C71}.Debug|Any CPU.Build.0 = Debug|Any CPU
		{7B79CDBE-481C-425A-9220-21308E810C71}.Release|Any CPU.ActiveCfg = Release|Any CPU
		{7B79CDBE-481C-425A-9220-21308E810C71}.Release|Any CPU.Build.0 = Release|Any CPU
		{E95CCE5F-2490-4878-A55F-339F2935E132}.Debug|Any CPU.ActiveCfg = Debug|Any CPU
		{E95CCE5F-2490-4878-A55F-339F2935E132}.Debug|Any CPU.Build.0 = Debug|Any CPU
		{E95CCE5F-2490-4878-A55F-339F2935E132}.Release|Any CPU.ActiveCfg = Release|Any CPU
		{E95CCE5F-2490-4878-A55F-339F2935E132}.Release|Any CPU.Build.0 = Release|Any CPU
		{C27BC21F-5283-483C-BE77-E86543B26E9E}.Debug|Any CPU.ActiveCfg = Debug|Any CPU
		{C27BC21F-5283-483C-BE77-E86543B26E9E}.Debug|Any CPU.Build.0 = Debug|Any CPU
		{C27BC21F-5283-483C-BE77-E86543B26E9E}.Release|Any CPU.ActiveCfg = Release|Any CPU
		{C27BC21F-5283-483C-BE77-E86543B26E9E}.Release|Any CPU.Build.0 = Release|Any CPU
		{4048BBB7-ABE6-4004-AFE2-548F1434F997}.Debug|Any CPU.ActiveCfg = Debug|Any CPU
		{4048BBB7-ABE6-4004-AFE2-548F1434F997}.Debug|Any CPU.Build.0 = Debug|Any CPU
		{4048BBB7-ABE6-4004-AFE2-548F1434F997}.Release|Any CPU.ActiveCfg = Release|Any CPU
		{4048BBB7-ABE6-4004-AFE2-548F1434F997}.Release|Any CPU.Build.0 = Release|Any CPU
		{64580C11-646C-414C-B86E-456E6ABFC31E}.Debug|Any CPU.ActiveCfg = Debug|Any CPU
		{64580C11-646C-414C-B86E-456E6ABFC31E}.Debug|Any CPU.Build.0 = Debug|Any CPU
		{64580C11-646C-414C-B86E-456E6ABFC31E}.Release|Any CPU.ActiveCfg = Release|Any CPU
		{64580C11-646C-414C-B86E-456E6ABFC31E}.Release|Any CPU.Build.0 = Release|Any CPU
		{005F90DA-F476-4A08-BA67-D0464FD872B1}.Debug|Any CPU.ActiveCfg = Debug|Any CPU
		{005F90DA-F476-4A08-BA67-D0464FD872B1}.Debug|Any CPU.Build.0 = Debug|Any CPU
		{005F90DA-F476-4A08-BA67-D0464FD872B1}.Release|Any CPU.ActiveCfg = Release|Any CPU
		{005F90DA-F476-4A08-BA67-D0464FD872B1}.Release|Any CPU.Build.0 = Release|Any CPU
		{995068A9-F998-4315-8FCB-76875C512BF3}.Debug|Any CPU.ActiveCfg = Debug|Any CPU
		{995068A9-F998-4315-8FCB-76875C512BF3}.Debug|Any CPU.Build.0 = Debug|Any CPU
		{995068A9-F998-4315-8FCB-76875C512BF3}.Release|Any CPU.ActiveCfg = Release|Any CPU
		{995068A9-F998-4315-8FCB-76875C512BF3}.Release|Any CPU.Build.0 = Release|Any CPU
		{F7C30E15-51FD-4265-840A-BEE8167B58F7}.Debug|Any CPU.ActiveCfg = Debug|Any CPU
		{F7C30E15-51FD-4265-840A-BEE8167B58F7}.Debug|Any CPU.Build.0 = Debug|Any CPU
		{F7C30E15-51FD-4265-840A-BEE8167B58F7}.Release|Any CPU.ActiveCfg = Release|Any CPU
		{F7C30E15-51FD-4265-840A-BEE8167B58F7}.Release|Any CPU.Build.0 = Release|Any CPU
		{89B29A1A-D92E-4099-97D3-48CCA08D0025}.Debug|Any CPU.ActiveCfg = Debug|Any CPU
		{89B29A1A-D92E-4099-97D3-48CCA08D0025}.Debug|Any CPU.Build.0 = Debug|Any CPU
		{89B29A1A-D92E-4099-97D3-48CCA08D0025}.Release|Any CPU.ActiveCfg = Release|Any CPU
		{89B29A1A-D92E-4099-97D3-48CCA08D0025}.Release|Any CPU.Build.0 = Release|Any CPU
		{DBC0573A-4B20-4176-98A2-9B05F924D4B4}.Debug|Any CPU.ActiveCfg = Debug|Any CPU
		{DBC0573A-4B20-4176-98A2-9B05F924D4B4}.Debug|Any CPU.Build.0 = Debug|Any CPU
		{DBC0573A-4B20-4176-98A2-9B05F924D4B4}.Release|Any CPU.ActiveCfg = Release|Any CPU
		{DBC0573A-4B20-4176-98A2-9B05F924D4B4}.Release|Any CPU.Build.0 = Release|Any CPU
		{F2DDEC46-20A1-4D33-BF7F-270EB1263511}.Debug|Any CPU.ActiveCfg = Debug|Any CPU
		{F2DDEC46-20A1-4D33-BF7F-270EB1263511}.Debug|Any CPU.Build.0 = Debug|Any CPU
		{F2DDEC46-20A1-4D33-BF7F-270EB1263511}.Release|Any CPU.ActiveCfg = Release|Any CPU
		{F2DDEC46-20A1-4D33-BF7F-270EB1263511}.Release|Any CPU.Build.0 = Release|Any CPU
		{121DAD2E-C872-4921-BA6F-9F5772784829}.Debug|Any CPU.ActiveCfg = Debug|Any CPU
		{121DAD2E-C872-4921-BA6F-9F5772784829}.Debug|Any CPU.Build.0 = Debug|Any CPU
		{121DAD2E-C872-4921-BA6F-9F5772784829}.Release|Any CPU.ActiveCfg = Release|Any CPU
		{121DAD2E-C872-4921-BA6F-9F5772784829}.Release|Any CPU.Build.0 = Release|Any CPU
		{AD10AF05-2BFF-4C4C-9C42-F9A862F159FE}.Debug|Any CPU.ActiveCfg = Debug|Any CPU
		{AD10AF05-2BFF-4C4C-9C42-F9A862F159FE}.Debug|Any CPU.Build.0 = Debug|Any CPU
		{AD10AF05-2BFF-4C4C-9C42-F9A862F159FE}.Release|Any CPU.ActiveCfg = Release|Any CPU
		{AD10AF05-2BFF-4C4C-9C42-F9A862F159FE}.Release|Any CPU.Build.0 = Release|Any CPU
	EndGlobalSection
	GlobalSection(SolutionProperties) = preSolution
		HideSolutionNode = FALSE
	EndGlobalSection
	GlobalSection(NestedProjects) = preSolution
		{2957AED2-F5DA-4611-964B-D90E2653ECF3} = {15620AAE-73A9-489D-99A5-895DB0E5A1BF}
		{340D8ABA-F9A0-4B32-A709-2407D201736C} = {15620AAE-73A9-489D-99A5-895DB0E5A1BF}
		{7B79CDBE-481C-425A-9220-21308E810C71} = {15620AAE-73A9-489D-99A5-895DB0E5A1BF}
		{E95CCE5F-2490-4878-A55F-339F2935E132} = {15620AAE-73A9-489D-99A5-895DB0E5A1BF}
		{C27BC21F-5283-483C-BE77-E86543B26E9E} = {BD366FEE-B2FC-4827-8D73-BCD5943AD659}
		{4048BBB7-ABE6-4004-AFE2-548F1434F997} = {15620AAE-73A9-489D-99A5-895DB0E5A1BF}
		{995068A9-F998-4315-8FCB-76875C512BF3} = {BD366FEE-B2FC-4827-8D73-BCD5943AD659}
		{F7C30E15-51FD-4265-840A-BEE8167B58F7} = {BD366FEE-B2FC-4827-8D73-BCD5943AD659}
		{89B29A1A-D92E-4099-97D3-48CCA08D0025} = {BD366FEE-B2FC-4827-8D73-BCD5943AD659}
		{DBC0573A-4B20-4176-98A2-9B05F924D4B4} = {BD366FEE-B2FC-4827-8D73-BCD5943AD659}
		{F2DDEC46-20A1-4D33-BF7F-270EB1263511} = {BD366FEE-B2FC-4827-8D73-BCD5943AD659}
		{121DAD2E-C872-4921-BA6F-9F5772784829} = {BD366FEE-B2FC-4827-8D73-BCD5943AD659}
		{AD10AF05-2BFF-4C4C-9C42-F9A862F159FE} = {BD366FEE-B2FC-4827-8D73-BCD5943AD659}
	EndGlobalSection
	GlobalSection(ExtensibilityGlobals) = postSolution
		SolutionGuid = {1B296A99-AC69-4840-BC9B-502101AE9B76}
	EndGlobalSection
EndGlobal
