
Microsoft Visual Studio Solution File, Format Version 12.00
# Visual Studio Version 17
VisualStudioVersion = 17.0.32014.148
MinimumVisualStudioVersion = 10.0.40219.1
Project("{9A19103F-16F7-4668-BE54-9A1E7A4F7556}") = "NServiceBus.Raw", "NServiceBus.Raw\NServiceBus.Raw.csproj", "{9874A999-E36A-4B2F-B321-95B48AAE06B3}"
EndProject
Project("{9A19103F-16F7-4668-BE54-9A1E7A4F7556}") = "DemoRouter", "DemoRouter\DemoRouter.csproj", "{2957AED2-F5DA-4611-964B-D90E2653ECF3}"
EndProject
Project("{9A19103F-16F7-4668-BE54-9A1E7A4F7556}") = "MsmqSales", "MsmqSales\MsmqSales.csproj", "{340D8ABA-F9A0-4B32-A709-2407D201736C}"
EndProject
Project("{9A19103F-16F7-4668-BE54-9A1E7A4F7556}") = "Contracts", "Contracts\Contracts.csproj", "{7B79CDBE-481C-425A-9220-21308E810C71}"
EndProject
Project("{9A19103F-16F7-4668-BE54-9A1E7A4F7556}") = "LearningShipping", "LearningShipping\LearningShipping.csproj", "{E95CCE5F-2490-4878-A55F-339F2935E132}"
EndProject
Project("{9A19103F-16F7-4668-BE54-9A1E7A4F7556}") = "AcceptanceTests", "AcceptanceTests\AcceptanceTests.csproj", "{C27BC21F-5283-483C-BE77-E86543B26E9E}"
EndProject
Project("{9A19103F-16F7-4668-BE54-9A1E7A4F7556}") = "SqlBilling", "SqlBilling\SqlBilling.csproj", "{4048BBB7-ABE6-4004-AFE2-548F1434F997}"
EndProject
Project("{2150E333-8FDC-42A3-9474-1A3956D46DE8}") = "ManualTests", "ManualTests", "{15620AAE-73A9-489D-99A5-895DB0E5A1BF}"
EndProject
Project("{9A19103F-16F7-4668-BE54-9A1E7A4F7556}") = "NServiceBus.MultiTransportRouter", "NServiceBus.MultiTransportRouter\NServiceBus.MultiTransportRouter.csproj", "{64580C11-646C-414C-B86E-456E6ABFC31E}"
EndProject
Global
	GlobalSection(SolutionConfigurationPlatforms) = preSolution
		Debug|Any CPU = Debug|Any CPU
		Release|Any CPU = Release|Any CPU
	EndGlobalSection
	GlobalSection(ProjectConfigurationPlatforms) = postSolution
		{9874A999-E36A-4B2F-B321-95B48AAE06B3}.Debug|Any CPU.ActiveCfg = Debug|Any CPU
		{9874A999-E36A-4B2F-B321-95B48AAE06B3}.Debug|Any CPU.Build.0 = Debug|Any CPU
		{9874A999-E36A-4B2F-B321-95B48AAE06B3}.Release|Any CPU.ActiveCfg = Release|Any CPU
		{9874A999-E36A-4B2F-B321-95B48AAE06B3}.Release|Any CPU.Build.0 = Release|Any CPU
		{2957AED2-F5DA-4611-964B-D90E2653ECF3}.Debug|Any CPU.ActiveCfg = Debug|Any CPU
		{2957AED2-F5DA-4611-964B-D90E2653ECF3}.Debug|Any CPU.Build.0 = Debug|Any CPU
		{2957AED2-F5DA-4611-964B-D90E2653ECF3}.Release|Any CPU.ActiveCfg = Release|Any CPU
		{2957AED2-F5DA-4611-964B-D90E2653ECF3}.Release|Any CPU.Build.0 = Release|Any CPU
		{340D8ABA-F9A0-4B32-A709-2407D201736C}.Debug|Any CPU.ActiveCfg = Debug|Any CPU
		{340D8ABA-F9A0-4B32-A709-2407D201736C}.Debug|Any CPU.Build.0 = Debug|Any CPU
		{340D8ABA-F9A0-4B32-A709-2407D201736C}.Release|Any CPU.ActiveCfg = Release|Any CPU
		{340D8ABA-F9A0-4B32-A709-2407D201736C}.Release|Any CPU.Build.0 = Release|Any CPU
		{7B79CDBE-481C-425A-9220-21308E810C71}.Debug|Any CPU.ActiveCfg = Debug|Any CPU
		{7B79CDBE-481C-425A-9220-21308E810C71}.Debug|Any CPU.Build.0 = Debug|Any CPU
		{7B79CDBE-481C-425A-9220-21308E810C71}.Release|Any CPU.ActiveCfg = Release|Any CPU
		{7B79CDBE-481C-425A-9220-21308E810C71}.Release|Any CPU.Build.0 = Release|Any CPU
		{E95CCE5F-2490-4878-A55F-339F2935E132}.Debug|Any CPU.ActiveCfg = Debug|Any CPU
		{E95CCE5F-2490-4878-A55F-339F2935E132}.Debug|Any CPU.Build.0 = Debug|Any CPU
		{E95CCE5F-2490-4878-A55F-339F2935E132}.Release|Any CPU.ActiveCfg = Release|Any CPU
		{E95CCE5F-2490-4878-A55F-339F2935E132}.Release|Any CPU.Build.0 = Release|Any CPU
		{C27BC21F-5283-483C-BE77-E86543B26E9E}.Debug|Any CPU.ActiveCfg = Debug|Any CPU
		{C27BC21F-5283-483C-BE77-E86543B26E9E}.Debug|Any CPU.Build.0 = Debug|Any CPU
		{C27BC21F-5283-483C-BE77-E86543B26E9E}.Release|Any CPU.ActiveCfg = Release|Any CPU
		{C27BC21F-5283-483C-BE77-E86543B26E9E}.Release|Any CPU.Build.0 = Release|Any CPU
		{4048BBB7-ABE6-4004-AFE2-548F1434F997}.Debug|Any CPU.ActiveCfg = Debug|Any CPU
		{4048BBB7-ABE6-4004-AFE2-548F1434F997}.Debug|Any CPU.Build.0 = Debug|Any CPU
		{4048BBB7-ABE6-4004-AFE2-548F1434F997}.Release|Any CPU.ActiveCfg = Release|Any CPU
		{4048BBB7-ABE6-4004-AFE2-548F1434F997}.Release|Any CPU.Build.0 = Release|Any CPU
		{64580C11-646C-414C-B86E-456E6ABFC31E}.Debug|Any CPU.ActiveCfg = Debug|Any CPU
		{64580C11-646C-414C-B86E-456E6ABFC31E}.Debug|Any CPU.Build.0 = Debug|Any CPU
		{64580C11-646C-414C-B86E-456E6ABFC31E}.Release|Any CPU.ActiveCfg = Release|Any CPU
		{64580C11-646C-414C-B86E-456E6ABFC31E}.Release|Any CPU.Build.0 = Release|Any CPU
	EndGlobalSection
	GlobalSection(SolutionProperties) = preSolution
		HideSolutionNode = FALSE
	EndGlobalSection
	GlobalSection(NestedProjects) = preSolution
		{2957AED2-F5DA-4611-964B-D90E2653ECF3} = {15620AAE-73A9-489D-99A5-895DB0E5A1BF}
		{340D8ABA-F9A0-4B32-A709-2407D201736C} = {15620AAE-73A9-489D-99A5-895DB0E5A1BF}
		{7B79CDBE-481C-425A-9220-21308E810C71} = {15620AAE-73A9-489D-99A5-895DB0E5A1BF}
		{E95CCE5F-2490-4878-A55F-339F2935E132} = {15620AAE-73A9-489D-99A5-895DB0E5A1BF}
		{4048BBB7-ABE6-4004-AFE2-548F1434F997} = {15620AAE-73A9-489D-99A5-895DB0E5A1BF}
	EndGlobalSection
	GlobalSection(ExtensibilityGlobals) = postSolution
		SolutionGuid = {1B296A99-AC69-4840-BC9B-502101AE9B76}
	EndGlobalSection
EndGlobal
